// !$*UTF8*$!
{
	archiveVersion = 1;
	classes = {
	};
	objectVersion = 46;
	objects = {

/* Begin PBXBuildFile section */
		572DBB551C1A912900AF0D8F /* InAppPurchase.h in Headers */ = {isa = PBXBuildFile; fileRef = 572DBB541C1A912900AF0D8F /* InAppPurchase.h */; settings = {ATTRIBUTES = (Public, ); }; };
		572DBB681C1A917600AF0D8F /* PaymentTransactionHelper.h in Headers */ = {isa = PBXBuildFile; fileRef = 572DBB5E1C1A917600AF0D8F /* PaymentTransactionHelper.h */; };
		572DBB691C1A917600AF0D8F /* PaymentTransactionHelper.m in Sources */ = {isa = PBXBuildFile; fileRef = 572DBB5F1C1A917600AF0D8F /* PaymentTransactionHelper.m */; };
		572DBB6A1C1A917600AF0D8F /* ProductsRequestHelper.h in Headers */ = {isa = PBXBuildFile; fileRef = 572DBB601C1A917600AF0D8F /* ProductsRequestHelper.h */; };
		572DBB6B1C1A917600AF0D8F /* ProductsRequestHelper.m in Sources */ = {isa = PBXBuildFile; fileRef = 572DBB611C1A917600AF0D8F /* ProductsRequestHelper.m */; };
		572DBB6C1C1A917600AF0D8F /* ReceiptHelper.h in Headers */ = {isa = PBXBuildFile; fileRef = 572DBB621C1A917600AF0D8F /* ReceiptHelper.h */; };
		572DBB6D1C1A917600AF0D8F /* ReceiptHelper.m in Sources */ = {isa = PBXBuildFile; fileRef = 572DBB631C1A917600AF0D8F /* ReceiptHelper.m */; };
		572DBB6E1C1A917600AF0D8F /* InAppPurchaseExtension.js in Resources */ = {isa = PBXBuildFile; fileRef = 572DBB641C1A917600AF0D8F /* InAppPurchaseExtension.js */; };
		572DBB6F1C1A917600AF0D8F /* extensions.plist in Resources */ = {isa = PBXBuildFile; fileRef = 572DBB651C1A917600AF0D8F /* extensions.plist */; };
		579502D21C212AF400EEC9F2 /* InAppPurchaseExtension.h in Headers */ = {isa = PBXBuildFile; fileRef = 579502D01C212AF400EEC9F2 /* InAppPurchaseExtension.h */; };
		579502D31C212AF400EEC9F2 /* InAppPurchaseExtension.m in Sources */ = {isa = PBXBuildFile; fileRef = 579502D11C212AF400EEC9F2 /* InAppPurchaseExtension.m */; };
		C7C775F82B472E2CC42311F7 /* Pods.framework in Frameworks */ = {isa = PBXBuildFile; fileRef = 4AAD85885851186AF54DB8D5 /* Pods.framework */; };
/* End PBXBuildFile section */

/* Begin PBXFileReference section */
		4AAD85885851186AF54DB8D5 /* Pods.framework */ = {isa = PBXFileReference; explicitFileType = wrapper.framework; includeInIndex = 0; path = Pods.framework; sourceTree = BUILT_PRODUCTS_DIR; };
		572DBB511C1A912900AF0D8F /* InAppPurchase.framework */ = {isa = PBXFileReference; explicitFileType = wrapper.framework; includeInIndex = 0; path = InAppPurchase.framework; sourceTree = BUILT_PRODUCTS_DIR; };
		572DBB541C1A912900AF0D8F /* InAppPurchase.h */ = {isa = PBXFileReference; lastKnownFileType = sourcecode.c.h; path = InAppPurchase.h; sourceTree = "<group>"; };
		572DBB561C1A912900AF0D8F /* Info.plist */ = {isa = PBXFileReference; lastKnownFileType = text.plist.xml; path = Info.plist; sourceTree = "<group>"; };
		572DBB5E1C1A917600AF0D8F /* PaymentTransactionHelper.h */ = {isa = PBXFileReference; fileEncoding = 4; lastKnownFileType = sourcecode.c.h; path = PaymentTransactionHelper.h; sourceTree = "<group>"; };
		572DBB5F1C1A917600AF0D8F /* PaymentTransactionHelper.m */ = {isa = PBXFileReference; fileEncoding = 4; lastKnownFileType = sourcecode.c.objc; path = PaymentTransactionHelper.m; sourceTree = "<group>"; };
		572DBB601C1A917600AF0D8F /* ProductsRequestHelper.h */ = {isa = PBXFileReference; fileEncoding = 4; lastKnownFileType = sourcecode.c.h; path = ProductsRequestHelper.h; sourceTree = "<group>"; };
		572DBB611C1A917600AF0D8F /* ProductsRequestHelper.m */ = {isa = PBXFileReference; fileEncoding = 4; lastKnownFileType = sourcecode.c.objc; path = ProductsRequestHelper.m; sourceTree = "<group>"; };
		572DBB621C1A917600AF0D8F /* ReceiptHelper.h */ = {isa = PBXFileReference; fileEncoding = 4; lastKnownFileType = sourcecode.c.h; path = ReceiptHelper.h; sourceTree = "<group>"; };
		572DBB631C1A917600AF0D8F /* ReceiptHelper.m */ = {isa = PBXFileReference; fileEncoding = 4; lastKnownFileType = sourcecode.c.objc; path = ReceiptHelper.m; sourceTree = "<group>"; };
		572DBB641C1A917600AF0D8F /* InAppPurchaseExtension.js */ = {isa = PBXFileReference; fileEncoding = 4; lastKnownFileType = sourcecode.javascript; path = InAppPurchaseExtension.js; sourceTree = "<group>"; };
		572DBB651C1A917600AF0D8F /* extensions.plist */ = {isa = PBXFileReference; fileEncoding = 4; lastKnownFileType = text.plist.xml; path = extensions.plist; sourceTree = "<group>"; };
		579502D01C212AF400EEC9F2 /* InAppPurchaseExtension.h */ = {isa = PBXFileReference; fileEncoding = 4; lastKnownFileType = sourcecode.c.h; path = InAppPurchaseExtension.h; sourceTree = "<group>"; };
		579502D11C212AF400EEC9F2 /* InAppPurchaseExtension.m */ = {isa = PBXFileReference; fileEncoding = 4; lastKnownFileType = sourcecode.c.objc; path = InAppPurchaseExtension.m; sourceTree = "<group>"; };
		A5CC6E7F0F100DA173AEFCC4 /* Pods.release.xcconfig */ = {isa = PBXFileReference; includeInIndex = 1; lastKnownFileType = text.xcconfig; name = Pods.release.xcconfig; path = "../../Pods/Target Support Files/Pods/Pods.release.xcconfig"; sourceTree = "<group>"; };
		BEFCD30CE59A1AA5215F83D1 /* Pods.debug.xcconfig */ = {isa = PBXFileReference; includeInIndex = 1; lastKnownFileType = text.xcconfig; name = Pods.debug.xcconfig; path = "../../Pods/Target Support Files/Pods/Pods.debug.xcconfig"; sourceTree = "<group>"; };
/* End PBXFileReference section */

/* Begin PBXFrameworksBuildPhase section */
		572DBB4D1C1A912900AF0D8F /* Frameworks */ = {
			isa = PBXFrameworksBuildPhase;
			buildActionMask = 2147483647;
			files = (
				C7C775F82B472E2CC42311F7 /* Pods.framework in Frameworks */,
			);
			runOnlyForDeploymentPostprocessing = 0;
		};
/* End PBXFrameworksBuildPhase section */

/* Begin PBXGroup section */
		572DBB471C1A912900AF0D8F = {
			isa = PBXGroup;
			children = (
				572DBB531C1A912900AF0D8F /* InAppPurchase */,
				572DBB521C1A912900AF0D8F /* Products */,
				EE7C3759A45D8317FE0AD5FD /* Pods */,
				7BFAD80CA45B5D3B0C8D5C01 /* Frameworks */,
			);
			sourceTree = "<group>";
		};
		572DBB521C1A912900AF0D8F /* Products */ = {
			isa = PBXGroup;
			children = (
				572DBB511C1A912900AF0D8F /* InAppPurchase.framework */,
			);
			name = Products;
			sourceTree = "<group>";
		};
		572DBB531C1A912900AF0D8F /* InAppPurchase */ = {
			isa = PBXGroup;
			children = (
				572DBB701C1A944800AF0D8F /* Supporting Files */,
				579502D01C212AF400EEC9F2 /* InAppPurchaseExtension.h */,
				579502D11C212AF400EEC9F2 /* InAppPurchaseExtension.m */,
				572DBB541C1A912900AF0D8F /* InAppPurchase.h */,
				572DBB5E1C1A917600AF0D8F /* PaymentTransactionHelper.h */,
				572DBB5F1C1A917600AF0D8F /* PaymentTransactionHelper.m */,
				572DBB601C1A917600AF0D8F /* ProductsRequestHelper.h */,
				572DBB611C1A917600AF0D8F /* ProductsRequestHelper.m */,
				572DBB621C1A917600AF0D8F /* ReceiptHelper.h */,
				572DBB631C1A917600AF0D8F /* ReceiptHelper.m */,
				572DBB641C1A917600AF0D8F /* InAppPurchaseExtension.js */,
				572DBB651C1A917600AF0D8F /* extensions.plist */,
			);
			path = InAppPurchase;
			sourceTree = "<group>";
		};
		572DBB701C1A944800AF0D8F /* Supporting Files */ = {
			isa = PBXGroup;
			children = (
				572DBB561C1A912900AF0D8F /* Info.plist */,
			);
			name = "Supporting Files";
			sourceTree = "<group>";
		};
		7BFAD80CA45B5D3B0C8D5C01 /* Frameworks */ = {
			isa = PBXGroup;
			children = (
				4AAD85885851186AF54DB8D5 /* Pods.framework */,
			);
			name = Frameworks;
			sourceTree = "<group>";
		};
		EE7C3759A45D8317FE0AD5FD /* Pods */ = {
			isa = PBXGroup;
			children = (
				BEFCD30CE59A1AA5215F83D1 /* Pods.debug.xcconfig */,
				A5CC6E7F0F100DA173AEFCC4 /* Pods.release.xcconfig */,
			);
			name = Pods;
			sourceTree = "<group>";
		};
/* End PBXGroup section */

/* Begin PBXHeadersBuildPhase section */
		572DBB4E1C1A912900AF0D8F /* Headers */ = {
			isa = PBXHeadersBuildPhase;
			buildActionMask = 2147483647;
			files = (
				572DBB6C1C1A917600AF0D8F /* ReceiptHelper.h in Headers */,
				572DBB551C1A912900AF0D8F /* InAppPurchase.h in Headers */,
				572DBB681C1A917600AF0D8F /* PaymentTransactionHelper.h in Headers */,
				579502D21C212AF400EEC9F2 /* InAppPurchaseExtension.h in Headers */,
				572DBB6A1C1A917600AF0D8F /* ProductsRequestHelper.h in Headers */,
			);
			runOnlyForDeploymentPostprocessing = 0;
		};
/* End PBXHeadersBuildPhase section */

/* Begin PBXNativeTarget section */
		572DBB501C1A912900AF0D8F /* InAppPurchase */ = {
			isa = PBXNativeTarget;
			buildConfigurationList = 572DBB591C1A912900AF0D8F /* Build configuration list for PBXNativeTarget "InAppPurchase" */;
			buildPhases = (
				CB02F3C729B4AFF194701126 /* Check Pods Manifest.lock */,
				572DBB4C1C1A912900AF0D8F /* Sources */,
				572DBB4D1C1A912900AF0D8F /* Frameworks */,
				572DBB4E1C1A912900AF0D8F /* Headers */,
				572DBB4F1C1A912900AF0D8F /* Resources */,
				407AF654FA0576D5AFD2A4F7 /* Copy Pods Resources */,
			);
			buildRules = (
			);
			dependencies = (
			);
			name = InAppPurchase;
			productName = InAppPurchase;
			productReference = 572DBB511C1A912900AF0D8F /* InAppPurchase.framework */;
			productType = "com.apple.product-type.framework";
		};
/* End PBXNativeTarget section */

/* Begin PBXProject section */
		572DBB481C1A912900AF0D8F /* Project object */ = {
			isa = PBXProject;
			attributes = {
				LastUpgradeCheck = 0720;
				ORGANIZATIONNAME = intel;
				TargetAttributes = {
					572DBB501C1A912900AF0D8F = {
						CreatedOnToolsVersion = 7.2;
					};
				};
			};
			buildConfigurationList = 572DBB4B1C1A912900AF0D8F /* Build configuration list for PBXProject "InAppPurchase" */;
			compatibilityVersion = "Xcode 3.2";
			developmentRegion = English;
			hasScannedForEncodings = 0;
			knownRegions = (
				en,
			);
			mainGroup = 572DBB471C1A912900AF0D8F;
			productRefGroup = 572DBB521C1A912900AF0D8F /* Products */;
			projectDirPath = "";
			projectRoot = "";
			targets = (
				572DBB501C1A912900AF0D8F /* InAppPurchase */,
			);
		};
/* End PBXProject section */

/* Begin PBXResourcesBuildPhase section */
		572DBB4F1C1A912900AF0D8F /* Resources */ = {
			isa = PBXResourcesBuildPhase;
			buildActionMask = 2147483647;
			files = (
				572DBB6F1C1A917600AF0D8F /* extensions.plist in Resources */,
				572DBB6E1C1A917600AF0D8F /* InAppPurchaseExtension.js in Resources */,
			);
			runOnlyForDeploymentPostprocessing = 0;
		};
/* End PBXResourcesBuildPhase section */

/* Begin PBXShellScriptBuildPhase section */
		407AF654FA0576D5AFD2A4F7 /* Copy Pods Resources */ = {
			isa = PBXShellScriptBuildPhase;
			buildActionMask = 2147483647;
			files = (
			);
			inputPaths = (
			);
			name = "Copy Pods Resources";
			outputPaths = (
			);
			runOnlyForDeploymentPostprocessing = 0;
			shellPath = /bin/sh;
			shellScript = "\"${SRCROOT}/../../Pods/Target Support Files/Pods/Pods-resources.sh\"\n";
			showEnvVarsInLog = 0;
		};
		CB02F3C729B4AFF194701126 /* Check Pods Manifest.lock */ = {
			isa = PBXShellScriptBuildPhase;
			buildActionMask = 2147483647;
			files = (
			);
			inputPaths = (
			);
			name = "Check Pods Manifest.lock";
			outputPaths = (
			);
			runOnlyForDeploymentPostprocessing = 0;
			shellPath = /bin/sh;
			shellScript = "diff \"${PODS_ROOT}/../Podfile.lock\" \"${PODS_ROOT}/Manifest.lock\" > /dev/null\nif [[ $? != 0 ]] ; then\n    cat << EOM\nerror: The sandbox is not in sync with the Podfile.lock. Run 'pod install' or update your CocoaPods installation.\nEOM\n    exit 1\nfi\n";
			showEnvVarsInLog = 0;
		};
/* End PBXShellScriptBuildPhase section */

/* Begin PBXSourcesBuildPhase section */
		572DBB4C1C1A912900AF0D8F /* Sources */ = {
			isa = PBXSourcesBuildPhase;
			buildActionMask = 2147483647;
			files = (
				572DBB6B1C1A917600AF0D8F /* ProductsRequestHelper.m in Sources */,
				572DBB6D1C1A917600AF0D8F /* ReceiptHelper.m in Sources */,
				579502D31C212AF400EEC9F2 /* InAppPurchaseExtension.m in Sources */,
				572DBB691C1A917600AF0D8F /* PaymentTransactionHelper.m in Sources */,
			);
			runOnlyForDeploymentPostprocessing = 0;
		};
/* End PBXSourcesBuildPhase section */

/* Begin XCBuildConfiguration section */
		572DBB571C1A912900AF0D8F /* Debug */ = {
			isa = XCBuildConfiguration;
			buildSettings = {
				ALWAYS_SEARCH_USER_PATHS = NO;
				CLANG_CXX_LANGUAGE_STANDARD = "gnu++0x";
				CLANG_CXX_LIBRARY = "libc++";
				CLANG_ENABLE_MODULES = YES;
				CLANG_ENABLE_OBJC_ARC = YES;
				CLANG_WARN_BOOL_CONVERSION = YES;
				CLANG_WARN_CONSTANT_CONVERSION = YES;
				CLANG_WARN_DIRECT_OBJC_ISA_USAGE = YES_ERROR;
				CLANG_WARN_EMPTY_BODY = YES;
				CLANG_WARN_ENUM_CONVERSION = YES;
				CLANG_WARN_INT_CONVERSION = YES;
				CLANG_WARN_OBJC_ROOT_CLASS = YES_ERROR;
				CLANG_WARN_UNREACHABLE_CODE = YES;
				CLANG_WARN__DUPLICATE_METHOD_MATCH = YES;
				"CODE_SIGN_IDENTITY[sdk=iphoneos*]" = "iPhone Developer";
				COPY_PHASE_STRIP = NO;
				CURRENT_PROJECT_VERSION = 1;
				DEBUG_INFORMATION_FORMAT = dwarf;
				ENABLE_STRICT_OBJC_MSGSEND = YES;
				ENABLE_TESTABILITY = YES;
				GCC_C_LANGUAGE_STANDARD = gnu99;
				GCC_DYNAMIC_NO_PIC = NO;
				GCC_NO_COMMON_BLOCKS = YES;
				GCC_OPTIMIZATION_LEVEL = 0;
				GCC_PREPROCESSOR_DEFINITIONS = (
					"DEBUG=1",
					"$(inherited)",
				);
				GCC_WARN_64_TO_32_BIT_CONVERSION = YES;
				GCC_WARN_ABOUT_RETURN_TYPE = YES_ERROR;
				GCC_WARN_UNDECLARED_SELECTOR = YES;
				GCC_WARN_UNINITIALIZED_AUTOS = YES_AGGRESSIVE;
				GCC_WARN_UNUSED_FUNCTION = YES;
				GCC_WARN_UNUSED_VARIABLE = YES;
				IPHONEOS_DEPLOYMENT_TARGET = 9.2;
				MTL_ENABLE_DEBUG_INFO = YES;
				ONLY_ACTIVE_ARCH = YES;
				SDKROOT = iphoneos;
				TARGETED_DEVICE_FAMILY = "1,2";
				VERSIONING_SYSTEM = "apple-generic";
				VERSION_INFO_PREFIX = "";
			};
			name = Debug;
		};
		572DBB581C1A912900AF0D8F /* Release */ = {
			isa = XCBuildConfiguration;
			buildSettings = {
				ALWAYS_SEARCH_USER_PATHS = NO;
				CLANG_CXX_LANGUAGE_STANDARD = "gnu++0x";
				CLANG_CXX_LIBRARY = "libc++";
				CLANG_ENABLE_MODULES = YES;
				CLANG_ENABLE_OBJC_ARC = YES;
				CLANG_WARN_BOOL_CONVERSION = YES;
				CLANG_WARN_CONSTANT_CONVERSION = YES;
				CLANG_WARN_DIRECT_OBJC_ISA_USAGE = YES_ERROR;
				CLANG_WARN_EMPTY_BODY = YES;
				CLANG_WARN_ENUM_CONVERSION = YES;
				CLANG_WARN_INT_CONVERSION = YES;
				CLANG_WARN_OBJC_ROOT_CLASS = YES_ERROR;
				CLANG_WARN_UNREACHABLE_CODE = YES;
				CLANG_WARN__DUPLICATE_METHOD_MATCH = YES;
				"CODE_SIGN_IDENTITY[sdk=iphoneos*]" = "iPhone Developer";
				COPY_PHASE_STRIP = NO;
				CURRENT_PROJECT_VERSION = 1;
				DEBUG_INFORMATION_FORMAT = "dwarf-with-dsym";
				ENABLE_NS_ASSERTIONS = NO;
				ENABLE_STRICT_OBJC_MSGSEND = YES;
				GCC_C_LANGUAGE_STANDARD = gnu99;
				GCC_NO_COMMON_BLOCKS = YES;
				GCC_WARN_64_TO_32_BIT_CONVERSION = YES;
				GCC_WARN_ABOUT_RETURN_TYPE = YES_ERROR;
				GCC_WARN_UNDECLARED_SELECTOR = YES;
				GCC_WARN_UNINITIALIZED_AUTOS = YES_AGGRESSIVE;
				GCC_WARN_UNUSED_FUNCTION = YES;
				GCC_WARN_UNUSED_VARIABLE = YES;
				IPHONEOS_DEPLOYMENT_TARGET = 9.2;
				MTL_ENABLE_DEBUG_INFO = NO;
				SDKROOT = iphoneos;
				TARGETED_DEVICE_FAMILY = "1,2";
				VALIDATE_PRODUCT = YES;
				VERSIONING_SYSTEM = "apple-generic";
				VERSION_INFO_PREFIX = "";
			};
			name = Release;
		};
		572DBB5A1C1A912900AF0D8F /* Debug */ = {
			isa = XCBuildConfiguration;
			baseConfigurationReference = BEFCD30CE59A1AA5215F83D1 /* Pods.debug.xcconfig */;
			buildSettings = {
				DEFINES_MODULE = YES;
				DYLIB_COMPATIBILITY_VERSION = 1;
				DYLIB_CURRENT_VERSION = 1;
				DYLIB_INSTALL_NAME_BASE = "@rpath";
				INFOPLIST_FILE = InAppPurchase/Info.plist;
				INSTALL_PATH = "$(LOCAL_LIBRARY_DIR)/Frameworks";
				LD_RUNPATH_SEARCH_PATHS = "$(inherited) @executable_path/Frameworks @loader_path/Frameworks";
				PRODUCT_BUNDLE_IDENTIFIER = "org.crosswalk-project.IAP";
				PRODUCT_NAME = "$(TARGET_NAME)";
				SKIP_INSTALL = YES;
			};
			name = Debug;
		};
		572DBB5B1C1A912900AF0D8F /* Release */ = {
			isa = XCBuildConfiguration;
			baseConfigurationReference = A5CC6E7F0F100DA173AEFCC4 /* Pods.release.xcconfig */;
			buildSettings = {
				DEFINES_MODULE = YES;
				DYLIB_COMPATIBILITY_VERSION = 1;
				DYLIB_CURRENT_VERSION = 1;
				DYLIB_INSTALL_NAME_BASE = "@rpath";
				INFOPLIST_FILE = InAppPurchase/Info.plist;
				INSTALL_PATH = "$(LOCAL_LIBRARY_DIR)/Frameworks";
				LD_RUNPATH_SEARCH_PATHS = "$(inherited) @executable_path/Frameworks @loader_path/Frameworks";
				PRODUCT_BUNDLE_IDENTIFIER = "org.crosswalk-project.IAP";
				PRODUCT_NAME = "$(TARGET_NAME)";
				SKIP_INSTALL = YES;
			};
			name = Release;
		};
/* End XCBuildConfiguration section */

/* Begin XCConfigurationList section */
		572DBB4B1C1A912900AF0D8F /* Build configuration list for PBXProject "InAppPurchase" */ = {
			isa = XCConfigurationList;
			buildConfigurations = (
				572DBB571C1A912900AF0D8F /* Debug */,
				572DBB581C1A912900AF0D8F /* Release */,
			);
			defaultConfigurationIsVisible = 0;
			defaultConfigurationName = Release;
		};
		572DBB591C1A912900AF0D8F /* Build configuration list for PBXNativeTarget "InAppPurchase" */ = {
			isa = XCConfigurationList;
			buildConfigurations = (
				572DBB5A1C1A912900AF0D8F /* Debug */,
				572DBB5B1C1A912900AF0D8F /* Release */,
			);
			defaultConfigurationIsVisible = 0;
			defaultConfigurationName = Release;
		};
/* End XCConfigurationList section */
	};
	rootObject = 572DBB481C1A912900AF0D8F /* Project object */;
}
